{
  "version": "2",
  "remote": {
    "https://deno.land/std@0.125.0/datetime/formatter.ts": "405f255681e8a771e01dd9d3bb6f04fc89c962344403642f89c8eccc7300bc91",
    "https://deno.land/std@0.125.0/datetime/mod.ts": "d2f0fe0d9456485205bf1acbac774e324a20f7787cfb4938f6460514e9551d51",
    "https://deno.land/std@0.125.0/datetime/tokenizer.ts": "80a91cea31cb45cf7f4c15041fb2832656cb786c300e922f1263befbba3e1b87",
    "https://deno.land/std@0.183.0/fmt/colors.ts": "d67e3cd9f472535241a8e410d33423980bec45047e343577554d3356e1f0ef4e",
    "https://deno.land/std@0.183.0/testing/_diff.ts": "1a3c044aedf77647d6cac86b798c6417603361b66b54c53331b312caeb447aea",
    "https://deno.land/std@0.183.0/testing/_format.ts": "a69126e8a469009adf4cf2a50af889aca364c349797e63174884a52ff75cf4c7",
    "https://deno.land/std@0.183.0/testing/asserts.ts": "e16d98b4d73ffc4ed498d717307a12500ae4f2cbe668f1a215632d19fcffc22f",
    "https://deno.land/x/args@1.0.2/command-errors.ts": "2fd66b1889a581a1ffd4cd1a9f4cf0122f9949b8204c04a77238621059481558",
    "https://deno.land/x/args@1.0.2/command-types.ts": "0bb9ef61bb1c642a700aff1beffd71ab5acf1bc4bd18c79f6a3081b64a6a2fcb",
    "https://deno.land/x/args@1.0.2/deps.ts": "50248e4114660eee99e20931a1dadf53f2417354c9a46a35c57bf8cf9e962a82",
    "https://deno.land/x/args@1.0.2/flag-errors.ts": "6af54980b0ad8f5df8537f3468e1f69db7070f63d9765bfb49b419942626ecc2",
    "https://deno.land/x/args@1.0.2/flag-types.ts": "794241d70d830373c6b9a00c6342fdaa7e0edb81749ae7e31e77f99133f04ad1",
    "https://deno.land/x/args@1.0.2/help.ts": "c137d056fabda2a772f44494687c59a794cc4380957702b83a0a65f55a2c1c7d",
    "https://deno.land/x/args@1.0.2/symbols.ts": "f08e2c6eca6cfb08acd78de4e382fc174c50e9db198f4ee83a64c08f71ba22a9",
    "https://deno.land/x/args@1.0.2/types.ts": "6a1e2950a9eb1fdf057e3916d71cca30ca307e5ac09cc4ce9edb7eb20f32c867",
    "https://deno.land/x/args@1.0.2/utils.ts": "a4b689630d4417a321b86083343755b2bb6ddf278ab631a56f811d37f533d277",
    "https://deno.land/x/args@1.0.2/value-errors.ts": "94d8c7cd28057f0e6a2033a6c4c710c803b3b4a2de1b10ff157d2537482e16b9",
    "https://deno.land/x/args@1.0.2/value-types.ts": "68077f70a06ac1bec849b366dd79527e8048f492adcba27b6668a6d789771658",
    "https://deno.land/x/args@1.0.2/wrapper.ts": "b99233d6b0cb0cb18fafa5ab595da91f1c720dba1068d4bfade93ccc7724105c",
    "https://deno.land/x/coolors@v1.0.0/mod.js": "05b675d2c59549e35819a725698c349a01318dd336bf4c882dff444fea4a1f3d",
    "https://deno.land/x/momentjs@2.29.1-deno/mod.ts": "f0c8542988b812d2aeaabe4fe3d86e7638ba6dd469ac9dd252eb2d9a765b8b49",
    "https://deno.land/x/momentjs@2.29.1-deno/node_modules/moment/moment.d.ts": "f22153742d3e5d5f3f05757d6e12b15b67f53bc1e4ac916b77c111f7ce2652f0",
    "https://deno.land/x/momentjs@2.29.1-deno/node_modules/moment/moment.js": "7ba0da6b25146fe95a948b47ec8a7707b4bcf6a87390d4b655a0663e107f7845",
    "https://deno.land/x/once@0.3.0/index.d.ts": "39f8a4d3149226aba2198a76d40a053e4b573ae0c03ff3a7d0df49fb6dc44c15",
    "https://deno.land/x/once@0.3.0/index.js": "858e76db2f85f951892b5677d97c910e56dc76e6ec04c9818a5d40193726d5f2",
    "https://deno.land/x/xml@2.1.0/mod.ts": "4a314a7a28d1ec92f899ce4c6991f0356c77550a75955ec3f4a36733f08548e8",
    "https://deno.land/x/xml@2.1.0/parse.ts": "614b8648345ae93c641368836947484d321c7ac9312ae12ec750434353cd7385",
    "https://deno.land/x/xml@2.1.0/stringify.ts": "930d35431f153b29d36549cff08fcfbe978e52ccb56af1e3baa2e0760f418b04",
    "https://deno.land/x/xml@2.1.0/utils/parser.ts": "d90380a807e083fcad68ee18e63e62b49c2239009c46592ece82dc8df65f4530",
    "https://deno.land/x/xml@2.1.0/utils/stream.ts": "056e2f368d47932d77e431bbc4a8292359171cc9ce881ea31ce0aae30d763e68",
    "https://deno.land/x/xml@2.1.0/utils/streamable.ts": "1603a5f10c859b95d4e9502365a0fba0b19d5d068356e20d5a6813cd37fee780",
    "https://deno.land/x/xml@2.1.0/utils/stringifier.ts": "6c828e8391808c9e5381ff62299984950c903f976f5afc98250f9ee276d08f93",
    "https://deno.land/x/xml@2.1.0/utils/types.ts": "5fc5c558337b8a82016629117e7fa348faec50951c878d14d293843aa5e92e1d"
  }
}
